// !$*UTF8*$!
{
	archiveVersion = 1;
	classes = {
	};
	objectVersion = 46;
	objects = {

/* Begin PBXBuildFile section */
		A07E2A79188F061300A5DCFC /* Tag+Create.m in Sources */ = {isa = PBXBuildFile; fileRef = A07E2A78188F061300A5DCFC /* Tag+Create.m */; };
		A07F4A97182FB9F500113005 /* ImageScrollViewController.m in Sources */ = {isa = PBXBuildFile; fileRef = A07F4A96182FB9F500113005 /* ImageScrollViewController.m */; };
		A07F4A9F182FDFF200113005 /* DataCache.m in Sources */ = {isa = PBXBuildFile; fileRef = A07F4A9E182FDFF200113005 /* DataCache.m */; };
		A07F4AA218307CA500113005 /* favorites-gray.png in Resources */ = {isa = PBXBuildFile; fileRef = A07F4AA018307CA500113005 /* favorites-gray.png */; };
		A07F4AA318307CA500113005 /* favorites-red.png in Resources */ = {isa = PBXBuildFile; fileRef = A07F4AA118307CA500113005 /* favorites-red.png */; };
		A07F64A0188FA69B003C3243 /* CoreDataTableViewController.m in Sources */ = {isa = PBXBuildFile; fileRef = A07F649F188FA69A003C3243 /* CoreDataTableViewController.m */; };
		A07F64A318908C5B003C3243 /* TagCDTVC.m in Sources */ = {isa = PBXBuildFile; fileRef = A07F64A218908C5B003C3243 /* TagCDTVC.m */; };
		A07F64A61890960C003C3243 /* DemoTagCDTVC.m in Sources */ = {isa = PBXBuildFile; fileRef = A07F64A51890960C003C3243 /* DemoTagCDTVC.m */; };
		A07F64A91890BA1D003C3243 /* PhotosByTagCDTVC.m in Sources */ = {isa = PBXBuildFile; fileRef = A07F64A81890BA1D003C3243 /* PhotosByTagCDTVC.m */; };
		A07F64AC1890DB3A003C3243 /* Photo.m in Sources */ = {isa = PBXBuildFile; fileRef = A07F64AB1890DB3A003C3243 /* Photo.m */; };
		A07F64AF1890DB3A003C3243 /* Tag.m in Sources */ = {isa = PBXBuildFile; fileRef = A07F64AE1890DB3A003C3243 /* Tag.m */; };
		A07F64B21890DC0B003C3243 /* PhotosCDTVC.m in Sources */ = {isa = PBXBuildFile; fileRef = A07F64B11890DC0B003C3243 /* PhotosCDTVC.m */; };
		A0828CDA1890DE91005EDF78 /* RecentPhotosCDTVC.m in Sources */ = {isa = PBXBuildFile; fileRef = A0828CD91890DE91005EDF78 /* RecentPhotosCDTVC.m */; };
		A0828CDD1890E942005EDF78 /* SharedDocument.m in Sources */ = {isa = PBXBuildFile; fileRef = A0828CDC1890E942005EDF78 /* SharedDocument.m */; };
		A0828CE01890F3F6005EDF78 /* FavoritePhotosCDTVC.m in Sources */ = {isa = PBXBuildFile; fileRef = A0828CDF1890F3F6005EDF78 /* FavoritePhotosCDTVC.m */; };
		A083779B1829670900F3B127 /* UIKit.framework in Frameworks */ = {isa = PBXBuildFile; fileRef = A083779A1829670900F3B127 /* UIKit.framework */; };
		A083779D1829670900F3B127 /* Foundation.framework in Frameworks */ = {isa = PBXBuildFile; fileRef = A083779C1829670900F3B127 /* Foundation.framework */; };
		A083779F1829670900F3B127 /* CoreGraphics.framework in Frameworks */ = {isa = PBXBuildFile; fileRef = A083779E1829670900F3B127 /* CoreGraphics.framework */; };
		A08377A51829670900F3B127 /* InfoPlist.strings in Resources */ = {isa = PBXBuildFile; fileRef = A08377A31829670900F3B127 /* InfoPlist.strings */; };
		A08377A71829670900F3B127 /* main.m in Sources */ = {isa = PBXBuildFile; fileRef = A08377A61829670900F3B127 /* main.m */; };
		A08377AB1829670900F3B127 /* AppDelegate.m in Sources */ = {isa = PBXBuildFile; fileRef = A08377AA1829670900F3B127 /* AppDelegate.m */; };
		A08377AD1829670900F3B127 /* Default.png in Resources */ = {isa = PBXBuildFile; fileRef = A08377AC1829670900F3B127 /* Default.png */; };
		A08377AF1829670900F3B127 /* Default@2x.png in Resources */ = {isa = PBXBuildFile; fileRef = A08377AE1829670900F3B127 /* Default@2x.png */; };
		A08377B11829670900F3B127 /* Default-568h@2x.png in Resources */ = {isa = PBXBuildFile; fileRef = A08377B01829670900F3B127 /* Default-568h@2x.png */; };
		A08377B41829670900F3B127 /* MainStoryboard_iPhone.storyboard in Resources */ = {isa = PBXBuildFile; fileRef = A08377B21829670900F3B127 /* MainStoryboard_iPhone.storyboard */; };
		A08377B71829670900F3B127 /* MainStoryboard_iPad.storyboard in Resources */ = {isa = PBXBuildFile; fileRef = A08377B51829670900F3B127 /* MainStoryboard_iPad.storyboard */; };
		A08377C41829689500F3B127 /* FlickrFetcher.m in Sources */ = {isa = PBXBuildFile; fileRef = A08377C31829689500F3B127 /* FlickrFetcher.m */; };
		A08378AF182F223400E79725 /* flickr-square.png in Resources */ = {isa = PBXBuildFile; fileRef = A08378AE182F223400E79725 /* flickr-square.png */; };
		A08378B1182F223E00E79725 /* flickr.png in Resources */ = {isa = PBXBuildFile; fileRef = A08378B0182F223E00E79725 /* flickr.png */; };
		A08378B3182F225500E79725 /* favorites.png in Resources */ = {isa = PBXBuildFile; fileRef = A08378B2182F225500E79725 /* favorites.png */; };
		A0E946F0188E4435003C00AF /* SPoT.xcdatamodeld in Sources */ = {isa = PBXBuildFile; fileRef = A0E946EE188E4435003C00AF /* SPoT.xcdatamodeld */; };
		A0E9471A188E4A71003C00AF /* Photo+Flickr.m in Sources */ = {isa = PBXBuildFile; fileRef = A0E94719188E4A71003C00AF /* Photo+Flickr.m */; };
		A0E9471C188E4D2F003C00AF /* CoreData.framework in Frameworks */ = {isa = PBXBuildFile; fileRef = A0E9471B188E4D2E003C00AF /* CoreData.framework */; };
/* End PBXBuildFile section */

/* Begin PBXFileReference section */
		A07E2A77188F061300A5DCFC /* Tag+Create.h */ = {isa = PBXFileReference; fileEncoding = 4; lastKnownFileType = sourcecode.c.h; name = "Tag+Create.h"; path = "Model/Tag+Create.h"; sourceTree = "<group>"; };
		A07E2A78188F061300A5DCFC /* Tag+Create.m */ = {isa = PBXFileReference; fileEncoding = 4; lastKnownFileType = sourcecode.c.objc; name = "Tag+Create.m"; path = "Model/Tag+Create.m"; sourceTree = "<group>"; };
		A07F4A95182FB9F500113005 /* ImageScrollViewController.h */ = {isa = PBXFileReference; fileEncoding = 4; lastKnownFileType = sourcecode.c.h; name = ImageScrollViewController.h; path = /Users/uff/CS193p/SPoT/SPoT/Controllers/ImageScrollViewController.h; sourceTree = "<absolute>"; };
		A07F4A96182FB9F500113005 /* ImageScrollViewController.m */ = {isa = PBXFileReference; fileEncoding = 4; lastKnownFileType = sourcecode.c.objc; name = ImageScrollViewController.m; path = /Users/uff/CS193p/SPoT/SPoT/Controllers/ImageScrollViewController.m; sourceTree = "<absolute>"; };
		A07F4A9D182FDFF200113005 /* DataCache.h */ = {isa = PBXFileReference; fileEncoding = 4; lastKnownFileType = sourcecode.c.h; name = DataCache.h; path = Model/DataCache.h; sourceTree = "<group>"; };
		A07F4A9E182FDFF200113005 /* DataCache.m */ = {isa = PBXFileReference; fileEncoding = 4; lastKnownFileType = sourcecode.c.objc; name = DataCache.m; path = Model/DataCache.m; sourceTree = "<group>"; };
		A07F4AA018307CA500113005 /* favorites-gray.png */ = {isa = PBXFileReference; lastKnownFileType = image.png; name = "favorites-gray.png"; path = "/Users/uff/CS193p/SPoT/SPoT/Resources/favorites-gray.png"; sourceTree = "<absolute>"; };
		A07F4AA118307CA500113005 /* favorites-red.png */ = {isa = PBXFileReference; lastKnownFileType = image.png; name = "favorites-red.png"; path = "/Users/uff/CS193p/SPoT/SPoT/Resources/favorites-red.png"; sourceTree = "<absolute>"; };
		A07F649E188FA69A003C3243 /* CoreDataTableViewController.h */ = {isa = PBXFileReference; fileEncoding = 4; lastKnownFileType = sourcecode.c.h; name = CoreDataTableViewController.h; path = Controllers/CoreDataTableViewController.h; sourceTree = "<group>"; };
		A07F649F188FA69A003C3243 /* CoreDataTableViewController.m */ = {isa = PBXFileReference; fileEncoding = 4; lastKnownFileType = sourcecode.c.objc; name = CoreDataTableViewController.m; path = Controllers/CoreDataTableViewController.m; sourceTree = "<group>"; };
		A07F64A118908C5B003C3243 /* TagCDTVC.h */ = {isa = PBXFileReference; fileEncoding = 4; lastKnownFileType = sourcecode.c.h; name = TagCDTVC.h; path = Controllers/TagCDTVC.h; sourceTree = "<group>"; };
		A07F64A218908C5B003C3243 /* TagCDTVC.m */ = {isa = PBXFileReference; fileEncoding = 4; lastKnownFileType = sourcecode.c.objc; name = TagCDTVC.m; path = Controllers/TagCDTVC.m; sourceTree = "<group>"; };
		A07F64A41890960C003C3243 /* DemoTagCDTVC.h */ = {isa = PBXFileReference; fileEncoding = 4; lastKnownFileType = sourcecode.c.h; name = DemoTagCDTVC.h; path = Controllers/DemoTagCDTVC.h; sourceTree = "<group>"; };
		A07F64A51890960C003C3243 /* DemoTagCDTVC.m */ = {isa = PBXFileReference; fileEncoding = 4; lastKnownFileType = sourcecode.c.objc; name = DemoTagCDTVC.m; path = Controllers/DemoTagCDTVC.m; sourceTree = "<group>"; };
		A07F64A71890BA1D003C3243 /* PhotosByTagCDTVC.h */ = {isa = PBXFileReference; fileEncoding = 4; lastKnownFileType = sourcecode.c.h; name = PhotosByTagCDTVC.h; path = Controllers/PhotosByTagCDTVC.h; sourceTree = "<group>"; };
		A07F64A81890BA1D003C3243 /* PhotosByTagCDTVC.m */ = {isa = PBXFileReference; fileEncoding = 4; lastKnownFileType = sourcecode.c.objc; name = PhotosByTagCDTVC.m; path = Controllers/PhotosByTagCDTVC.m; sourceTree = "<group>"; };
		A07F64AA1890DB3A003C3243 /* Photo.h */ = {isa = PBXFileReference; fileEncoding = 4; lastKnownFileType = sourcecode.c.h; name = Photo.h; path = Model/Photo.h; sourceTree = "<group>"; };
		A07F64AB1890DB3A003C3243 /* Photo.m */ = {isa = PBXFileReference; fileEncoding = 4; lastKnownFileType = sourcecode.c.objc; name = Photo.m; path = Model/Photo.m; sourceTree = "<group>"; };
		A07F64AD1890DB3A003C3243 /* Tag.h */ = {isa = PBXFileReference; fileEncoding = 4; lastKnownFileType = sourcecode.c.h; name = Tag.h; path = Model/Tag.h; sourceTree = "<group>"; };
		A07F64AE1890DB3A003C3243 /* Tag.m */ = {isa = PBXFileReference; fileEncoding = 4; lastKnownFileType = sourcecode.c.objc; name = Tag.m; path = Model/Tag.m; sourceTree = "<group>"; };
		A07F64B01890DC0B003C3243 /* PhotosCDTVC.h */ = {isa = PBXFileReference; fileEncoding = 4; lastKnownFileType = sourcecode.c.h; name = PhotosCDTVC.h; path = Controllers/PhotosCDTVC.h; sourceTree = "<group>"; };
		A07F64B11890DC0B003C3243 /* PhotosCDTVC.m */ = {isa = PBXFileReference; fileEncoding = 4; lastKnownFileType = sourcecode.c.objc; name = PhotosCDTVC.m; path = Controllers/PhotosCDTVC.m; sourceTree = "<group>"; };
		A0828CD81890DE91005EDF78 /* RecentPhotosCDTVC.h */ = {isa = PBXFileReference; fileEncoding = 4; lastKnownFileType = sourcecode.c.h; name = RecentPhotosCDTVC.h; path = Controllers/RecentPhotosCDTVC.h; sourceTree = "<group>"; };
		A0828CD91890DE91005EDF78 /* RecentPhotosCDTVC.m */ = {isa = PBXFileReference; fileEncoding = 4; lastKnownFileType = sourcecode.c.objc; name = RecentPhotosCDTVC.m; path = Controllers/RecentPhotosCDTVC.m; sourceTree = "<group>"; };
		A0828CDB1890E942005EDF78 /* SharedDocument.h */ = {isa = PBXFileReference; fileEncoding = 4; lastKnownFileType = sourcecode.c.h; name = SharedDocument.h; path = Model/SharedDocument.h; sourceTree = "<group>"; };
		A0828CDC1890E942005EDF78 /* SharedDocument.m */ = {isa = PBXFileReference; fileEncoding = 4; lastKnownFileType = sourcecode.c.objc; name = SharedDocument.m; path = Model/SharedDocument.m; sourceTree = "<group>"; };
		A0828CDE1890F3F6005EDF78 /* FavoritePhotosCDTVC.h */ = {isa = PBXFileReference; fileEncoding = 4; lastKnownFileType = sourcecode.c.h; name = FavoritePhotosCDTVC.h; path = Controllers/FavoritePhotosCDTVC.h; sourceTree = "<group>"; };
		A0828CDF1890F3F6005EDF78 /* FavoritePhotosCDTVC.m */ = {isa = PBXFileReference; fileEncoding = 4; lastKnownFileType = sourcecode.c.objc; name = FavoritePhotosCDTVC.m; path = Controllers/FavoritePhotosCDTVC.m; sourceTree = "<group>"; };
		A08377971829670900F3B127 /* SPoT.app */ = {isa = PBXFileReference; explicitFileType = wrapper.application; includeInIndex = 0; path = SPoT.app; sourceTree = BUILT_PRODUCTS_DIR; };
		A083779A1829670900F3B127 /* UIKit.framework */ = {isa = PBXFileReference; lastKnownFileType = wrapper.framework; name = UIKit.framework; path = System/Library/Frameworks/UIKit.framework; sourceTree = SDKROOT; };
		A083779C1829670900F3B127 /* Foundation.framework */ = {isa = PBXFileReference; lastKnownFileType = wrapper.framework; name = Foundation.framework; path = System/Library/Frameworks/Foundation.framework; sourceTree = SDKROOT; };
		A083779E1829670900F3B127 /* CoreGraphics.framework */ = {isa = PBXFileReference; lastKnownFileType = wrapper.framework; name = CoreGraphics.framework; path = System/Library/Frameworks/CoreGraphics.framework; sourceTree = SDKROOT; };
		A08377A21829670900F3B127 /* SPoT-Info.plist */ = {isa = PBXFileReference; lastKnownFileType = text.plist.xml; path = "SPoT-Info.plist"; sourceTree = "<group>"; };
		A08377A41829670900F3B127 /* en */ = {isa = PBXFileReference; lastKnownFileType = text.plist.strings; name = en; path = en.lproj/InfoPlist.strings; sourceTree = "<group>"; };
		A08377A61829670900F3B127 /* main.m */ = {isa = PBXFileReference; lastKnownFileType = sourcecode.c.objc; path = main.m; sourceTree = "<group>"; };
		A08377A81829670900F3B127 /* SPoT-Prefix.pch */ = {isa = PBXFileReference; lastKnownFileType = sourcecode.c.h; path = "SPoT-Prefix.pch"; sourceTree = "<group>"; };
		A08377A91829670900F3B127 /* AppDelegate.h */ = {isa = PBXFileReference; lastKnownFileType = sourcecode.c.h; path = AppDelegate.h; sourceTree = "<group>"; };
		A08377AA1829670900F3B127 /* AppDelegate.m */ = {isa = PBXFileReference; lastKnownFileType = sourcecode.c.objc; path = AppDelegate.m; sourceTree = "<group>"; };
		A08377AC1829670900F3B127 /* Default.png */ = {isa = PBXFileReference; lastKnownFileType = image.png; name = Default.png; path = /Users/uff/CS193p/SPoT/SPoT/Resources/Default.png; sourceTree = "<absolute>"; };
		A08377AE1829670900F3B127 /* Default@2x.png */ = {isa = PBXFileReference; lastKnownFileType = image.png; name = "Default@2x.png"; path = "/Users/uff/CS193p/SPoT/SPoT/Resources/Default@2x.png"; sourceTree = "<absolute>"; };
		A08377B01829670900F3B127 /* Default-568h@2x.png */ = {isa = PBXFileReference; lastKnownFileType = image.png; name = "Default-568h@2x.png"; path = "/Users/uff/CS193p/SPoT/SPoT/Resources/Default-568h@2x.png"; sourceTree = "<absolute>"; };
		A08377B31829670900F3B127 /* en */ = {isa = PBXFileReference; lastKnownFileType = file.storyboard; name = en; path = en.lproj/MainStoryboard_iPhone.storyboard; sourceTree = "<group>"; };
		A08377B61829670900F3B127 /* en */ = {isa = PBXFileReference; lastKnownFileType = file.storyboard; name = en; path = en.lproj/MainStoryboard_iPad.storyboard; sourceTree = "<group>"; };
		A08377C11829689500F3B127 /* FlickrAPIKey.h */ = {isa = PBXFileReference; fileEncoding = 4; lastKnownFileType = sourcecode.c.h; path = FlickrAPIKey.h; sourceTree = "<group>"; };
		A08377C21829689500F3B127 /* FlickrFetcher.h */ = {isa = PBXFileReference; fileEncoding = 4; lastKnownFileType = sourcecode.c.h; path = FlickrFetcher.h; sourceTree = "<group>"; };
		A08377C31829689500F3B127 /* FlickrFetcher.m */ = {isa = PBXFileReference; fileEncoding = 4; lastKnownFileType = sourcecode.c.objc; path = FlickrFetcher.m; sourceTree = "<group>"; };
		A08378AE182F223400E79725 /* flickr-square.png */ = {isa = PBXFileReference; lastKnownFileType = image.png; name = "flickr-square.png"; path = "/Users/uff/CS193p/SPoT/SPoT/Resources/flickr-square.png"; sourceTree = "<absolute>"; };
		A08378B0182F223E00E79725 /* flickr.png */ = {isa = PBXFileReference; lastKnownFileType = image.png; name = flickr.png; path = /Users/uff/CS193p/SPoT/SPoT/Resources/flickr.png; sourceTree = "<absolute>"; };
		A08378B2182F225500E79725 /* favorites.png */ = {isa = PBXFileReference; lastKnownFileType = image.png; name = favorites.png; path = /Users/uff/CS193p/SPoT/SPoT/Resources/favorites.png; sourceTree = "<absolute>"; };
		A0E946EF188E4435003C00AF /* SPoT.xcdatamodel */ = {isa = PBXFileReference; lastKnownFileType = wrapper.xcdatamodel; path = SPoT.xcdatamodel; sourceTree = "<group>"; };
		A0E94718188E4A71003C00AF /* Photo+Flickr.h */ = {isa = PBXFileReference; fileEncoding = 4; lastKnownFileType = sourcecode.c.h; name = "Photo+Flickr.h"; path = "Model/Photo+Flickr.h"; sourceTree = "<group>"; };
		A0E94719188E4A71003C00AF /* Photo+Flickr.m */ = {isa = PBXFileReference; fileEncoding = 4; lastKnownFileType = sourcecode.c.objc; name = "Photo+Flickr.m"; path = "Model/Photo+Flickr.m"; sourceTree = "<group>"; };
		A0E9471B188E4D2E003C00AF /* CoreData.framework */ = {isa = PBXFileReference; lastKnownFileType = wrapper.framework; name = CoreData.framework; path = System/Library/Frameworks/CoreData.framework; sourceTree = SDKROOT; };
/* End PBXFileReference section */

/* Begin PBXFrameworksBuildPhase section */
		A08377941829670900F3B127 /* Frameworks */ = {
			isa = PBXFrameworksBuildPhase;
			buildActionMask = 2147483647;
			files = (
				A0E9471C188E4D2F003C00AF /* CoreData.framework in Frameworks */,
				A083779B1829670900F3B127 /* UIKit.framework in Frameworks */,
				A083779D1829670900F3B127 /* Foundation.framework in Frameworks */,
				A083779F1829670900F3B127 /* CoreGraphics.framework in Frameworks */,
			);
			runOnlyForDeploymentPostprocessing = 0;
		};
/* End PBXFrameworksBuildPhase section */

/* Begin PBXGroup section */
		A07F4A9B182FD60F00113005 /* Controllers */ = {
			isa = PBXGroup;
			children = (
				A07F4A95182FB9F500113005 /* ImageScrollViewController.h */,
				A07F4A96182FB9F500113005 /* ImageScrollViewController.m */,
				A07F649E188FA69A003C3243 /* CoreDataTableViewController.h */,
				A07F649F188FA69A003C3243 /* CoreDataTableViewController.m */,
				A07F64A118908C5B003C3243 /* TagCDTVC.h */,
				A07F64A218908C5B003C3243 /* TagCDTVC.m */,
				A07F64A41890960C003C3243 /* DemoTagCDTVC.h */,
				A07F64A51890960C003C3243 /* DemoTagCDTVC.m */,
				A07F64A71890BA1D003C3243 /* PhotosByTagCDTVC.h */,
				A07F64A81890BA1D003C3243 /* PhotosByTagCDTVC.m */,
				A07F64B01890DC0B003C3243 /* PhotosCDTVC.h */,
				A07F64B11890DC0B003C3243 /* PhotosCDTVC.m */,
				A0828CD81890DE91005EDF78 /* RecentPhotosCDTVC.h */,
				A0828CD91890DE91005EDF78 /* RecentPhotosCDTVC.m */,
				A0828CDE1890F3F6005EDF78 /* FavoritePhotosCDTVC.h */,
				A0828CDF1890F3F6005EDF78 /* FavoritePhotosCDTVC.m */,
			);
			name = Controllers;
			sourceTree = "<group>";
		};
		A07F4A9C182FDADF00113005 /* Model */ = {
			isa = PBXGroup;
			children = (
				A07F64AA1890DB3A003C3243 /* Photo.h */,
				A07F64AB1890DB3A003C3243 /* Photo.m */,
				A07F64AD1890DB3A003C3243 /* Tag.h */,
				A07F64AE1890DB3A003C3243 /* Tag.m */,
				A0E946EE188E4435003C00AF /* SPoT.xcdatamodeld */,
				A0E94718188E4A71003C00AF /* Photo+Flickr.h */,
				A0E94719188E4A71003C00AF /* Photo+Flickr.m */,
				A07E2A77188F061300A5DCFC /* Tag+Create.h */,
				A07E2A78188F061300A5DCFC /* Tag+Create.m */,
				A07F4A9D182FDFF200113005 /* DataCache.h */,
				A07F4A9E182FDFF200113005 /* DataCache.m */,
				A0828CDB1890E942005EDF78 /* SharedDocument.h */,
				A0828CDC1890E942005EDF78 /* SharedDocument.m */,
			);
			name = Model;
			sourceTree = "<group>";
		};
		A083778E1829670900F3B127 = {
			isa = PBXGroup;
			children = (
				A08377A01829670900F3B127 /* SPoT */,
				A08377991829670900F3B127 /* Frameworks */,
				A08377981829670900F3B127 /* Products */,
			);
			sourceTree = "<group>";
		};
		A08377981829670900F3B127 /* Products */ = {
			isa = PBXGroup;
			children = (
				A08377971829670900F3B127 /* SPoT.app */,
			);
			name = Products;
			sourceTree = "<group>";
		};
		A08377991829670900F3B127 /* Frameworks */ = {
			isa = PBXGroup;
			children = (
				A0E9471B188E4D2E003C00AF /* CoreData.framework */,
				A083779A1829670900F3B127 /* UIKit.framework */,
				A083779C1829670900F3B127 /* Foundation.framework */,
				A083779E1829670900F3B127 /* CoreGraphics.framework */,
			);
			name = Frameworks;
			sourceTree = "<group>";
		};
		A08377A01829670900F3B127 /* SPoT */ = {
			isa = PBXGroup;
			children = (
				A07F4A9C182FDADF00113005 /* Model */,
				A08377B21829670900F3B127 /* MainStoryboard_iPhone.storyboard */,
				A08377B51829670900F3B127 /* MainStoryboard_iPad.storyboard */,
				A07F4A9B182FD60F00113005 /* Controllers */,
				A08377C01829689500F3B127 /* FlickrFetcher */,
				A08377A11829670900F3B127 /* Supporting Files */,
			);
			path = SPoT;
			sourceTree = "<group>";
		};
		A08377A11829670900F3B127 /* Supporting Files */ = {
			isa = PBXGroup;
			children = (
				A07F4AA018307CA500113005 /* favorites-gray.png */,
				A07F4AA118307CA500113005 /* favorites-red.png */,
				A08378B2182F225500E79725 /* favorites.png */,
				A08378B0182F223E00E79725 /* flickr.png */,
				A08378AE182F223400E79725 /* flickr-square.png */,
				A08377A91829670900F3B127 /* AppDelegate.h */,
				A08377AA1829670900F3B127 /* AppDelegate.m */,
				A08377A21829670900F3B127 /* SPoT-Info.plist */,
				A08377A31829670900F3B127 /* InfoPlist.strings */,
				A08377A61829670900F3B127 /* main.m */,
				A08377A81829670900F3B127 /* SPoT-Prefix.pch */,
				A08377AC1829670900F3B127 /* Default.png */,
				A08377AE1829670900F3B127 /* Default@2x.png */,
				A08377B01829670900F3B127 /* Default-568h@2x.png */,
			);
			name = "Supporting Files";
			sourceTree = "<group>";
		};
		A08377C01829689500F3B127 /* FlickrFetcher */ = {
			isa = PBXGroup;
			children = (
				A08377C11829689500F3B127 /* FlickrAPIKey.h */,
				A08377C21829689500F3B127 /* FlickrFetcher.h */,
				A08377C31829689500F3B127 /* FlickrFetcher.m */,
			);
			path = FlickrFetcher;
			sourceTree = "<group>";
		};
/* End PBXGroup section */

/* Begin PBXNativeTarget section */
		A08377961829670900F3B127 /* SPoT */ = {
			isa = PBXNativeTarget;
			buildConfigurationList = A08377BD1829670900F3B127 /* Build configuration list for PBXNativeTarget "SPoT" */;
			buildPhases = (
				A08377931829670900F3B127 /* Sources */,
				A08377941829670900F3B127 /* Frameworks */,
				A08377951829670900F3B127 /* Resources */,
			);
			buildRules = (
			);
			dependencies = (
			);
			name = SPoT;
			productName = SPoT;
			productReference = A08377971829670900F3B127 /* SPoT.app */;
			productType = "com.apple.product-type.application";
		};
/* End PBXNativeTarget section */

/* Begin PBXProject section */
		A083778F1829670900F3B127 /* Project object */ = {
			isa = PBXProject;
			attributes = {
				LastUpgradeCheck = 0460;
				ORGANIZATIONNAME = mmh;
			};
			buildConfigurationList = A08377921829670900F3B127 /* Build configuration list for PBXProject "SPoT" */;
			compatibilityVersion = "Xcode 3.2";
			developmentRegion = English;
			hasScannedForEncodings = 0;
			knownRegions = (
				en,
			);
			mainGroup = A083778E1829670900F3B127;
			productRefGroup = A08377981829670900F3B127 /* Products */;
			projectDirPath = "";
			projectRoot = "";
			targets = (
				A08377961829670900F3B127 /* SPoT */,
			);
		};
/* End PBXProject section */

/* Begin PBXResourcesBuildPhase section */
		A08377951829670900F3B127 /* Resources */ = {
			isa = PBXResourcesBuildPhase;
			buildActionMask = 2147483647;
			files = (
				A08377A51829670900F3B127 /* InfoPlist.strings in Resources */,
				A08377AD1829670900F3B127 /* Default.png in Resources */,
				A08377AF1829670900F3B127 /* Default@2x.png in Resources */,
				A08377B11829670900F3B127 /* Default-568h@2x.png in Resources */,
				A08377B41829670900F3B127 /* MainStoryboard_iPhone.storyboard in Resources */,
				A08377B71829670900F3B127 /* MainStoryboard_iPad.storyboard in Resources */,
				A08378AF182F223400E79725 /* flickr-square.png in Resources */,
				A08378B1182F223E00E79725 /* flickr.png in Resources */,
				A08378B3182F225500E79725 /* favorites.png in Resources */,
				A07F4AA218307CA500113005 /* favorites-gray.png in Resources */,
				A07F4AA318307CA500113005 /* favorites-red.png in Resources */,
			);
			runOnlyForDeploymentPostprocessing = 0;
		};
/* End PBXResourcesBuildPhase section */

/* Begin PBXSourcesBuildPhase section */
		A08377931829670900F3B127 /* Sources */ = {
			isa = PBXSourcesBuildPhase;
			buildActionMask = 2147483647;
			files = (
				A08377A71829670900F3B127 /* main.m in Sources */,
				A08377AB1829670900F3B127 /* AppDelegate.m in Sources */,
				A08377C41829689500F3B127 /* FlickrFetcher.m in Sources */,
				A07F4A97182FB9F500113005 /* ImageScrollViewController.m in Sources */,
				A07F4A9F182FDFF200113005 /* DataCache.m in Sources */,
				A0E946F0188E4435003C00AF /* SPoT.xcdatamodeld in Sources */,
				A0E9471A188E4A71003C00AF /* Photo+Flickr.m in Sources */,
				A07E2A79188F061300A5DCFC /* Tag+Create.m in Sources */,
				A07F64A0188FA69B003C3243 /* CoreDataTableViewController.m in Sources */,
				A07F64A318908C5B003C3243 /* TagCDTVC.m in Sources */,
				A07F64A61890960C003C3243 /* DemoTagCDTVC.m in Sources */,
				A07F64A91890BA1D003C3243 /* PhotosByTagCDTVC.m in Sources */,
				A07F64AC1890DB3A003C3243 /* Photo.m in Sources */,
				A07F64AF1890DB3A003C3243 /* Tag.m in Sources */,
				A07F64B21890DC0B003C3243 /* PhotosCDTVC.m in Sources */,
				A0828CDA1890DE91005EDF78 /* RecentPhotosCDTVC.m in Sources */,
				A0828CDD1890E942005EDF78 /* SharedDocument.m in Sources */,
				A0828CE01890F3F6005EDF78 /* FavoritePhotosCDTVC.m in Sources */,
			);
			runOnlyForDeploymentPostprocessing = 0;
		};
/* End PBXSourcesBuildPhase section */

/* Begin PBXVariantGroup section */
		A08377A31829670900F3B127 /* InfoPlist.strings */ = {
			isa = PBXVariantGroup;
			children = (
				A08377A41829670900F3B127 /* en */,
			);
			name = InfoPlist.strings;
			sourceTree = "<group>";
		};
		A08377B21829670900F3B127 /* MainStoryboard_iPhone.storyboard */ = {
			isa = PBXVariantGroup;
			children = (
				A08377B31829670900F3B127 /* en */,
			);
			name = MainStoryboard_iPhone.storyboard;
			sourceTree = "<group>";
		};
		A08377B51829670900F3B127 /* MainStoryboard_iPad.storyboard */ = {
			isa = PBXVariantGroup;
			children = (
				A08377B61829670900F3B127 /* en */,
			);
			name = MainStoryboard_iPad.storyboard;
			sourceTree = "<group>";
		};
/* End PBXVariantGroup section */

/* Begin XCBuildConfiguration section */
		A08377BB1829670900F3B127 /* Debug */ = {
			isa = XCBuildConfiguration;
			buildSettings = {
				ALWAYS_SEARCH_USER_PATHS = NO;
				CLANG_CXX_LANGUAGE_STANDARD = "gnu++0x";
				CLANG_CXX_LIBRARY = "libc++";
				CLANG_ENABLE_OBJC_ARC = YES;
				CLANG_WARN_CONSTANT_CONVERSION = YES;
				CLANG_WARN_EMPTY_BODY = YES;
				CLANG_WARN_ENUM_CONVERSION = YES;
				CLANG_WARN_INT_CONVERSION = YES;
				CLANG_WARN__DUPLICATE_METHOD_MATCH = YES;
				"CODE_SIGN_IDENTITY[sdk=iphoneos*]" = "iPhone Developer";
				COPY_PHASE_STRIP = NO;
				GCC_C_LANGUAGE_STANDARD = gnu99;
				GCC_DYNAMIC_NO_PIC = NO;
				GCC_OPTIMIZATION_LEVEL = 0;
				GCC_PREPROCESSOR_DEFINITIONS = (
					"DEBUG=1",
					"$(inherited)",
				);
				GCC_SYMBOLS_PRIVATE_EXTERN = NO;
				GCC_WARN_ABOUT_RETURN_TYPE = YES;
				GCC_WARN_UNINITIALIZED_AUTOS = YES;
				GCC_WARN_UNUSED_VARIABLE = YES;
				IPHONEOS_DEPLOYMENT_TARGET = 6.1;
				ONLY_ACTIVE_ARCH = YES;
				SDKROOT = iphoneos;
				TARGETED_DEVICE_FAMILY = "1,2";
			};
			name = Debug;
		};
		A08377BC1829670900F3B127 /* Release */ = {
			isa = XCBuildConfiguration;
			buildSettings = {
				ALWAYS_SEARCH_USER_PATHS = NO;
				CLANG_CXX_LANGUAGE_STANDARD = "gnu++0x";
				CLANG_CXX_LIBRARY = "libc++";
				CLANG_ENABLE_OBJC_ARC = YES;
				CLANG_WARN_CONSTANT_CONVERSION = YES;
				CLANG_WARN_EMPTY_BODY = YES;
				CLANG_WARN_ENUM_CONVERSION = YES;
				CLANG_WARN_INT_CONVERSION = YES;
				CLANG_WARN__DUPLICATE_METHOD_MATCH = YES;
				"CODE_SIGN_IDENTITY[sdk=iphoneos*]" = "iPhone Developer";
				COPY_PHASE_STRIP = YES;
				GCC_C_LANGUAGE_STANDARD = gnu99;
				GCC_WARN_ABOUT_RETURN_TYPE = YES;
				GCC_WARN_UNINITIALIZED_AUTOS = YES;
				GCC_WARN_UNUSED_VARIABLE = YES;
				IPHONEOS_DEPLOYMENT_TARGET = 6.1;
				OTHER_CFLAGS = "-DNS_BLOCK_ASSERTIONS=1";
				SDKROOT = iphoneos;
				TARGETED_DEVICE_FAMILY = "1,2";
				VALIDATE_PRODUCT = YES;
			};
			name = Release;
		};
		A08377BE1829670900F3B127 /* Debug */ = {
			isa = XCBuildConfiguration;
			buildSettings = {
				GCC_PRECOMPILE_PREFIX_HEADER = YES;
				GCC_PREFIX_HEADER = "SPoT/SPoT-Prefix.pch";
				INFOPLIST_FILE = "SPoT/SPoT-Info.plist";
				PRODUCT_NAME = "$(TARGET_NAME)";
				WRAPPER_EXTENSION = app;
			};
			name = Debug;
		};
		A08377BF1829670900F3B127 /* Release */ = {
			isa = XCBuildConfiguration;
			buildSettings = {
				GCC_PRECOMPILE_PREFIX_HEADER = YES;
				GCC_PREFIX_HEADER = "SPoT/SPoT-Prefix.pch";
				INFOPLIST_FILE = "SPoT/SPoT-Info.plist";
				PRODUCT_NAME = "$(TARGET_NAME)";
				WRAPPER_EXTENSION = app;
			};
			name = Release;
		};
/* End XCBuildConfiguration section */

/* Begin XCConfigurationList section */
		A08377921829670900F3B127 /* Build configuration list for PBXProject "SPoT" */ = {
			isa = XCConfigurationList;
			buildConfigurations = (
				A08377BB1829670900F3B127 /* Debug */,
				A08377BC1829670900F3B127 /* Release */,
			);
			defaultConfigurationIsVisible = 0;
			defaultConfigurationName = Release;
		};
		A08377BD1829670900F3B127 /* Build configuration list for PBXNativeTarget "SPoT" */ = {
			isa = XCConfigurationList;
			buildConfigurations = (
				A08377BE1829670900F3B127 /* Debug */,
				A08377BF1829670900F3B127 /* Release */,
			);
			defaultConfigurationIsVisible = 0;
			defaultConfigurationName = Release;
		};
/* End XCConfigurationList section */

/* Begin XCVersionGroup section */
		A0E946EE188E4435003C00AF /* SPoT.xcdatamodeld */ = {
			isa = XCVersionGroup;
			children = (
				A0E946EF188E4435003C00AF /* SPoT.xcdatamodel */,
			);
			currentVersion = A0E946EF188E4435003C00AF /* SPoT.xcdatamodel */;
			path = SPoT.xcdatamodeld;
			sourceTree = "<group>";
			versionGroupType = wrapper.xcdatamodel;
		};
/* End XCVersionGroup section */
	};
	rootObject = A083778F1829670900F3B127 /* Project object */;
}
